// !$*UTF8*$!
{
	archiveVersion = 1;
	classes = {
	};
	objectVersion = 46;
	objects = {

/* Begin PBXBuildFile section */
		A21932521B2D40680037130E /* AppDelegate.swift in Sources */ = {isa = PBXBuildFile; fileRef = A21932511B2D40680037130E /* AppDelegate.swift */; };
		A21932541B2D40680037130E /* ViewController.swift in Sources */ = {isa = PBXBuildFile; fileRef = A21932531B2D40680037130E /* ViewController.swift */; };
		A21932571B2D40680037130E /* Main.storyboard in Resources */ = {isa = PBXBuildFile; fileRef = A21932551B2D40680037130E /* Main.storyboard */; };
		A21932591B2D40680037130E /* Images.xcassets in Resources */ = {isa = PBXBuildFile; fileRef = A21932581B2D40680037130E /* Images.xcassets */; };
		A219325C1B2D40680037130E /* LaunchScreen.xib in Resources */ = {isa = PBXBuildFile; fileRef = A219325A1B2D40680037130E /* LaunchScreen.xib */; };
		A21932681B2D40680037130E /* clapTests.swift in Sources */ = {isa = PBXBuildFile; fileRef = A21932671B2D40680037130E /* clapTests.swift */; };
		A21932721B2D408F0037130E /* AVFoundation.framework in Frameworks */ = {isa = PBXBuildFile; fileRef = A21932711B2D408F0037130E /* AVFoundation.framework */; };
		A24135B91B3079F400075D6A /* clap-button.png in Resources */ = {isa = PBXBuildFile; fileRef = A24135B71B3079F400075D6A /* clap-button.png */; };
		A24135BA1B3079F400075D6A /* clap.wav in Resources */ = {isa = PBXBuildFile; fileRef = A24135B81B3079F400075D6A /* clap.wav */; };
		A24135BC1B307AB900075D6A /* usagi_hakusyu.jpg in Resources */ = {isa = PBXBuildFile; fileRef = A24135BB1B307AB900075D6A /* usagi_hakusyu.jpg */; };
		A24135C11B307C0E00075D6A /* cat.mp3 in Resources */ = {isa = PBXBuildFile; fileRef = A24135BD1B307C0E00075D6A /* cat.mp3 */; };
		A24135C21B307C0E00075D6A /* dog.mp3 in Resources */ = {isa = PBXBuildFile; fileRef = A24135BE1B307C0E00075D6A /* dog.mp3 */; };
		A24135C31B307C0E00075D6A /* rain.mp3 in Resources */ = {isa = PBXBuildFile; fileRef = A24135BF1B307C0E00075D6A /* rain.mp3 */; };
		A24135C41B307C0E00075D6A /* wave.mp3 in Resources */ = {isa = PBXBuildFile; fileRef = A24135C01B307C0E00075D6A /* wave.mp3 */; };
		A24135C61B3083C400075D6A /* answer.mp3 in Resources */ = {isa = PBXBuildFile; fileRef = A24135C51B3083C400075D6A /* answer.mp3 */; };
/* End PBXBuildFile section */

/* Begin PBXContainerItemProxy section */
		A21932621B2D40680037130E /* PBXContainerItemProxy */ = {
			isa = PBXContainerItemProxy;
			containerPortal = A21932441B2D40680037130E /* Project object */;
			proxyType = 1;
			remoteGlobalIDString = A219324B1B2D40680037130E;
			remoteInfo = clap;
		};
/* End PBXContainerItemProxy section */

/* Begin PBXFileReference section */
		A219324C1B2D40680037130E /* clap.app */ = {isa = PBXFileReference; explicitFileType = wrapper.application; includeInIndex = 0; path = clap.app; sourceTree = BUILT_PRODUCTS_DIR; };
		A21932501B2D40680037130E /* Info.plist */ = {isa = PBXFileReference; lastKnownFileType = text.plist.xml; path = Info.plist; sourceTree = "<group>"; };
		A21932511B2D40680037130E /* AppDelegate.swift */ = {isa = PBXFileReference; lastKnownFileType = sourcecode.swift; path = AppDelegate.swift; sourceTree = "<group>"; };
		A21932531B2D40680037130E /* ViewController.swift */ = {isa = PBXFileReference; lastKnownFileType = sourcecode.swift; path = ViewController.swift; sourceTree = "<group>"; };
		A21932561B2D40680037130E /* Base */ = {isa = PBXFileReference; lastKnownFileType = file.storyboard; name = Base; path = Base.lproj/Main.storyboard; sourceTree = "<group>"; };
		A21932581B2D40680037130E /* Images.xcassets */ = {isa = PBXFileReference; lastKnownFileType = folder.assetcatalog; path = Images.xcassets; sourceTree = "<group>"; };
		A219325B1B2D40680037130E /* Base */ = {isa = PBXFileReference; lastKnownFileType = file.xib; name = Base; path = Base.lproj/LaunchScreen.xib; sourceTree = "<group>"; };
		A21932611B2D40680037130E /* clapTests.xctest */ = {isa = PBXFileReference; explicitFileType = wrapper.cfbundle; includeInIndex = 0; path = clapTests.xctest; sourceTree = BUILT_PRODUCTS_DIR; };
		A21932661B2D40680037130E /* Info.plist */ = {isa = PBXFileReference; lastKnownFileType = text.plist.xml; path = Info.plist; sourceTree = "<group>"; };
		A21932671B2D40680037130E /* clapTests.swift */ = {isa = PBXFileReference; lastKnownFileType = sourcecode.swift; path = clapTests.swift; sourceTree = "<group>"; };
		A21932711B2D408F0037130E /* AVFoundation.framework */ = {isa = PBXFileReference; lastKnownFileType = wrapper.framework; name = AVFoundation.framework; path = System/Library/Frameworks/AVFoundation.framework; sourceTree = SDKROOT; };
		A24135B71B3079F400075D6A /* clap-button.png */ = {isa = PBXFileReference; lastKnownFileType = image.png; path = "clap-button.png"; sourceTree = "<group>"; };
		A24135B81B3079F400075D6A /* clap.wav */ = {isa = PBXFileReference; lastKnownFileType = audio.wav; path = clap.wav; sourceTree = "<group>"; };
		A24135BB1B307AB900075D6A /* usagi_hakusyu.jpg */ = {isa = PBXFileReference; lastKnownFileType = image.jpeg; path = usagi_hakusyu.jpg; sourceTree = "<group>"; };
		A24135BD1B307C0E00075D6A /* cat.mp3 */ = {isa = PBXFileReference; lastKnownFileType = audio.mp3; path = cat.mp3; sourceTree = "<group>"; };
		A24135BE1B307C0E00075D6A /* dog.mp3 */ = {isa = PBXFileReference; lastKnownFileType = audio.mp3; path = dog.mp3; sourceTree = "<group>"; };
		A24135BF1B307C0E00075D6A /* rain.mp3 */ = {isa = PBXFileReference; lastKnownFileType = audio.mp3; path = rain.mp3; sourceTree = "<group>"; };
		A24135C01B307C0E00075D6A /* wave.mp3 */ = {isa = PBXFileReference; lastKnownFileType = audio.mp3; path = wave.mp3; sourceTree = "<group>"; };
		A24135C51B3083C400075D6A /* answer.mp3 */ = {isa = PBXFileReference; lastKnownFileType = audio.mp3; path = answer.mp3; sourceTree = "<group>"; };
/* End PBXFileReference section */

/* Begin PBXFrameworksBuildPhase section */
		A21932491B2D40680037130E /* Frameworks */ = {
			isa = PBXFrameworksBuildPhase;
			buildActionMask = 2147483647;
			files = (
				A21932721B2D408F0037130E /* AVFoundation.framework in Frameworks */,
			);
			runOnlyForDeploymentPostprocessing = 0;
		};
		A219325E1B2D40680037130E /* Frameworks */ = {
			isa = PBXFrameworksBuildPhase;
			buildActionMask = 2147483647;
			files = (
			);
			runOnlyForDeploymentPostprocessing = 0;
		};
/* End PBXFrameworksBuildPhase section */

/* Begin PBXGroup section */
		A21932431B2D40670037130E = {
			isa = PBXGroup;
			children = (
				A21932711B2D408F0037130E /* AVFoundation.framework */,
				A219324E1B2D40680037130E /* clap */,
				A21932641B2D40680037130E /* clapTests */,
				A219324D1B2D40680037130E /* Products */,
			);
			sourceTree = "<group>";
		};
		A219324D1B2D40680037130E /* Products */ = {
			isa = PBXGroup;
			children = (
				A219324C1B2D40680037130E /* clap.app */,
				A21932611B2D40680037130E /* clapTests.xctest */,
			);
			name = Products;
			sourceTree = "<group>";
		};
		A219324E1B2D40680037130E /* clap */ = {
			isa = PBXGroup;
			children = (
				A21932511B2D40680037130E /* AppDelegate.swift */,
				A21932531B2D40680037130E /* ViewController.swift */,
				A21932551B2D40680037130E /* Main.storyboard */,
				A21932581B2D40680037130E /* Images.xcassets */,
				A219325A1B2D40680037130E /* LaunchScreen.xib */,
				A24135B71B3079F400075D6A /* clap-button.png */,
				A24135B81B3079F400075D6A /* clap.wav */,
				A24135BB1B307AB900075D6A /* usagi_hakusyu.jpg */,
				A24135C51B3083C400075D6A /* answer.mp3 */,
				A24135BD1B307C0E00075D6A /* cat.mp3 */,
				A24135BE1B307C0E00075D6A /* dog.mp3 */,
				A24135BF1B307C0E00075D6A /* rain.mp3 */,
				A24135C01B307C0E00075D6A /* wave.mp3 */,
				A219324F1B2D40680037130E /* Supporting Files */,
			);
			path = clap;
			sourceTree = "<group>";
		};
		A219324F1B2D40680037130E /* Supporting Files */ = {
			isa = PBXGroup;
			children = (
				A21932501B2D40680037130E /* Info.plist */,
			);
			name = "Supporting Files";
			sourceTree = "<group>";
		};
		A21932641B2D40680037130E /* clapTests */ = {
			isa = PBXGroup;
			children = (
				A21932671B2D40680037130E /* clapTests.swift */,
				A21932651B2D40680037130E /* Supporting Files */,
			);
			path = clapTests;
			sourceTree = "<group>";
		};
		A21932651B2D40680037130E /* Supporting Files */ = {
			isa = PBXGroup;
			children = (
				A21932661B2D40680037130E /* Info.plist */,
			);
			name = "Supporting Files";
			sourceTree = "<group>";
		};
/* End PBXGroup section */

/* Begin PBXNativeTarget section */
		A219324B1B2D40680037130E /* clap */ = {
			isa = PBXNativeTarget;
			buildConfigurationList = A219326B1B2D40680037130E /* Build configuration list for PBXNativeTarget "clap" */;
			buildPhases = (
				A21932481B2D40680037130E /* Sources */,
				A21932491B2D40680037130E /* Frameworks */,
				A219324A1B2D40680037130E /* Resources */,
			);
			buildRules = (
			);
			dependencies = (
			);
			name = clap;
			productName = clap;
			productReference = A219324C1B2D40680037130E /* clap.app */;
			productType = "com.apple.product-type.application";
		};
		A21932601B2D40680037130E /* clapTests */ = {
			isa = PBXNativeTarget;
			buildConfigurationList = A219326E1B2D40680037130E /* Build configuration list for PBXNativeTarget "clapTests" */;
			buildPhases = (
				A219325D1B2D40680037130E /* Sources */,
				A219325E1B2D40680037130E /* Frameworks */,
				A219325F1B2D40680037130E /* Resources */,
			);
			buildRules = (
			);
			dependencies = (
				A21932631B2D40680037130E /* PBXTargetDependency */,
			);
			name = clapTests;
			productName = clapTests;
			productReference = A21932611B2D40680037130E /* clapTests.xctest */;
			productType = "com.apple.product-type.bundle.unit-test";
		};
/* End PBXNativeTarget section */

/* Begin PBXProject section */
		A21932441B2D40680037130E /* Project object */ = {
			isa = PBXProject;
			attributes = {
				LastUpgradeCheck = 0630;
				ORGANIZATIONNAME = "渡辺 貴俊";
				TargetAttributes = {
					A219324B1B2D40680037130E = {
						CreatedOnToolsVersion = 6.3.1;
					};
					A21932601B2D40680037130E = {
						CreatedOnToolsVersion = 6.3.1;
						TestTargetID = A219324B1B2D40680037130E;
					};
				};
			};
			buildConfigurationList = A21932471B2D40680037130E /* Build configuration list for PBXProject "clap" */;
			compatibilityVersion = "Xcode 3.2";
			developmentRegion = English;
			hasScannedForEncodings = 0;
			knownRegions = (
				en,
				Base,
			);
			mainGroup = A21932431B2D40670037130E;
			productRefGroup = A219324D1B2D40680037130E /* Products */;
			projectDirPath = "";
			projectRoot = "";
			targets = (
				A219324B1B2D40680037130E /* clap */,
				A21932601B2D40680037130E /* clapTests */,
			);
		};
/* End PBXProject section */

/* Begin PBXResourcesBuildPhase section */
		A219324A1B2D40680037130E /* Resources */ = {
			isa = PBXResourcesBuildPhase;
			buildActionMask = 2147483647;
			files = (
				A24135B91B3079F400075D6A /* clap-button.png in Resources */,
				A24135C41B307C0E00075D6A /* wave.mp3 in Resources */,
				A24135C61B3083C400075D6A /* answer.mp3 in Resources */,
				A21932571B2D40680037130E /* Main.storyboard in Resources */,
				A24135C31B307C0E00075D6A /* rain.mp3 in Resources */,
				A219325C1B2D40680037130E /* LaunchScreen.xib in Resources */,
				A24135BA1B3079F400075D6A /* clap.wav in Resources */,
				A24135C11B307C0E00075D6A /* cat.mp3 in Resources */,
				A24135BC1B307AB900075D6A /* usagi_hakusyu.jpg in Resources */,
				A21932591B2D40680037130E /* Images.xcassets in Resources */,
				A24135C21B307C0E00075D6A /* dog.mp3 in Resources */,
			);
			runOnlyForDeploymentPostprocessing = 0;
		};
		A219325F1B2D40680037130E /* Resources */ = {
			isa = PBXResourcesBuildPhase;
			buildActionMask = 2147483647;
			files = (
			);
			runOnlyForDeploymentPostprocessing = 0;
		};
/* End PBXResourcesBuildPhase section */

/* Begin PBXSourcesBuildPhase section */
		A21932481B2D40680037130E /* Sources */ = {
			isa = PBXSourcesBuildPhase;
			buildActionMask = 2147483647;
			files = (
				A21932541B2D40680037130E /* ViewController.swift in Sources */,
				A21932521B2D40680037130E /* AppDelegate.swift in Sources */,
			);
			runOnlyForDeploymentPostprocessing = 0;
		};
		A219325D1B2D40680037130E /* Sources */ = {
			isa = PBXSourcesBuildPhase;
			buildActionMask = 2147483647;
			files = (
				A21932681B2D40680037130E /* clapTests.swift in Sources */,
			);
			runOnlyForDeploymentPostprocessing = 0;
		};
/* End PBXSourcesBuildPhase section */

/* Begin PBXTargetDependency section */
		A21932631B2D40680037130E /* PBXTargetDependency */ = {
			isa = PBXTargetDependency;
			target = A219324B1B2D40680037130E /* clap */;
			targetProxy = A21932621B2D40680037130E /* PBXContainerItemProxy */;
		};
/* End PBXTargetDependency section */

/* Begin PBXVariantGroup section */
		A21932551B2D40680037130E /* Main.storyboard */ = {
			isa = PBXVariantGroup;
			children = (
				A21932561B2D40680037130E /* Base */,
			);
			name = Main.storyboard;
			sourceTree = "<group>";
		};
		A219325A1B2D40680037130E /* LaunchScreen.xib */ = {
			isa = PBXVariantGroup;
			children = (
				A219325B1B2D40680037130E /* Base */,
			);
			name = LaunchScreen.xib;
			sourceTree = "<group>";
		};
/* End PBXVariantGroup section */

/* Begin XCBuildConfiguration section */
		A21932691B2D40680037130E /* Debug */ = {
			isa = XCBuildConfiguration;
			buildSettings = {
				ALWAYS_SEARCH_USER_PATHS = NO;
				CLANG_CXX_LANGUAGE_STANDARD = "gnu++0x";
				CLANG_CXX_LIBRARY = "libc++";
				CLANG_ENABLE_MODULES = YES;
				CLANG_ENABLE_OBJC_ARC = YES;
				CLANG_WARN_BOOL_CONVERSION = YES;
				CLANG_WARN_CONSTANT_CONVERSION = YES;
				CLANG_WARN_DIRECT_OBJC_ISA_USAGE = YES_ERROR;
				CLANG_WARN_EMPTY_BODY = YES;
				CLANG_WARN_ENUM_CONVERSION = YES;
				CLANG_WARN_INT_CONVERSION = YES;
				CLANG_WARN_OBJC_ROOT_CLASS = YES_ERROR;
				CLANG_WARN_UNREACHABLE_CODE = YES;
				CLANG_WARN__DUPLICATE_METHOD_MATCH = YES;
				"CODE_SIGN_IDENTITY[sdk=iphoneos*]" = "iPhone Developer";
				COPY_PHASE_STRIP = NO;
				DEBUG_INFORMATION_FORMAT = "dwarf-with-dsym";
				ENABLE_STRICT_OBJC_MSGSEND = YES;
				GCC_C_LANGUAGE_STANDARD = gnu99;
				GCC_DYNAMIC_NO_PIC = NO;
				GCC_NO_COMMON_BLOCKS = YES;
				GCC_OPTIMIZATION_LEVEL = 0;
				GCC_PREPROCESSOR_DEFINITIONS = (
					"DEBUG=1",
					"$(inherited)",
				);
				GCC_SYMBOLS_PRIVATE_EXTERN = NO;
				GCC_WARN_64_TO_32_BIT_CONVERSION = YES;
				GCC_WARN_ABOUT_RETURN_TYPE = YES_ERROR;
				GCC_WARN_UNDECLARED_SELECTOR = YES;
				GCC_WARN_UNINITIALIZED_AUTOS = YES_AGGRESSIVE;
				GCC_WARN_UNUSED_FUNCTION = YES;
				GCC_WARN_UNUSED_VARIABLE = YES;
				IPHONEOS_DEPLOYMENT_TARGET = 8.3;
				MTL_ENABLE_DEBUG_INFO = YES;
				ONLY_ACTIVE_ARCH = YES;
				SDKROOT = iphoneos;
				SWIFT_OPTIMIZATION_LEVEL = "-Onone";
			};
			name = Debug;
		};
		A219326A1B2D40680037130E /* Release */ = {
			isa = XCBuildConfiguration;
			buildSettings = {
				ALWAYS_SEARCH_USER_PATHS = NO;
				CLANG_CXX_LANGUAGE_STANDARD = "gnu++0x";
				CLANG_CXX_LIBRARY = "libc++";
				CLANG_ENABLE_MODULES = YES;
				CLANG_ENABLE_OBJC_ARC = YES;
				CLANG_WARN_BOOL_CONVERSION = YES;
				CLANG_WARN_CONSTANT_CONVERSION = YES;
				CLANG_WARN_DIRECT_OBJC_ISA_USAGE = YES_ERROR;
				CLANG_WARN_EMPTY_BODY = YES;
				CLANG_WARN_ENUM_CONVERSION = YES;
				CLANG_WARN_INT_CONVERSION = YES;
				CLANG_WARN_OBJC_ROOT_CLASS = YES_ERROR;
				CLANG_WARN_UNREACHABLE_CODE = YES;
				CLANG_WARN__DUPLICATE_METHOD_MATCH = YES;
				"CODE_SIGN_IDENTITY[sdk=iphoneos*]" = "iPhone Developer";
				COPY_PHASE_STRIP = NO;
				DEBUG_INFORMATION_FORMAT = "dwarf-with-dsym";
				ENABLE_NS_ASSERTIONS = NO;
				ENABLE_STRICT_OBJC_MSGSEND = YES;
				GCC_C_LANGUAGE_STANDARD = gnu99;
				GCC_NO_COMMON_BLOCKS = YES;
				GCC_WARN_64_TO_32_BIT_CONVERSION = YES;
				GCC_WARN_ABOUT_RETURN_TYPE = YES_ERROR;
				GCC_WARN_UNDECLARED_SELECTOR = YES;
				GCC_WARN_UNINITIALIZED_AUTOS = YES_AGGRESSIVE;
				GCC_WARN_UNUSED_FUNCTION = YES;
				GCC_WARN_UNUSED_VARIABLE = YES;
				IPHONEOS_DEPLOYMENT_TARGET = 8.3;
				MTL_ENABLE_DEBUG_INFO = NO;
				SDKROOT = iphoneos;
				VALIDATE_PRODUCT = YES;
			};
			name = Release;
		};
		A219326C1B2D40680037130E /* Debug */ = {
			isa = XCBuildConfiguration;
			buildSettings = {
				ASSETCATALOG_COMPILER_APPICON_NAME = AppIcon;
				INFOPLIST_FILE = clap/Info.plist;
				LD_RUNPATH_SEARCH_PATHS = "$(inherited) @executable_path/Frameworks";
				PRODUCT_NAME = "$(TARGET_NAME)";
			};
			name = Debug;
		};
		A219326D1B2D40680037130E /* Release */ = {
			isa = XCBuildConfiguration;
			buildSettings = {
				ASSETCATALOG_COMPILER_APPICON_NAME = AppIcon;
				INFOPLIST_FILE = clap/Info.plist;
				LD_RUNPATH_SEARCH_PATHS = "$(inherited) @executable_path/Frameworks";
				PRODUCT_NAME = "$(TARGET_NAME)";
			};
			name = Release;
		};
		A219326F1B2D40680037130E /* Debug */ = {
			isa = XCBuildConfiguration;
			buildSettings = {
				BUNDLE_LOADER = "$(TEST_HOST)";
				FRAMEWORK_SEARCH_PATHS = (
					"$(SDKROOT)/Developer/Library/Frameworks",
					"$(inherited)",
				);
				GCC_PREPROCESSOR_DEFINITIONS = (
					"DEBUG=1",
					"$(inherited)",
				);
				INFOPLIST_FILE = clapTests/Info.plist;
				LD_RUNPATH_SEARCH_PATHS = "$(inherited) @executable_path/Frameworks @loader_path/Frameworks";
				PRODUCT_NAME = "$(TARGET_NAME)";
				TEST_HOST = "$(BUILT_PRODUCTS_DIR)/clap.app/clap";
			};
			name = Debug;
		};
		A21932701B2D40680037130E /* Release */ = {
			isa = XCBuildConfiguration;
			buildSettings = {
				BUNDLE_LOADER = "$(TEST_HOST)";
				FRAMEWORK_SEARCH_PATHS = (
					"$(SDKROOT)/Developer/Library/Frameworks",
					"$(inherited)",
				);
				INFOPLIST_FILE = clapTests/Info.plist;
				LD_RUNPATH_SEARCH_PATHS = "$(inherited) @executable_path/Frameworks @loader_path/Frameworks";
				PRODUCT_NAME = "$(TARGET_NAME)";
				TEST_HOST = "$(BUILT_PRODUCTS_DIR)/clap.app/clap";
			};
			name = Release;
		};
/* End XCBuildConfiguration section */

/* Begin XCConfigurationList section */
		A21932471B2D40680037130E /* Build configuration list for PBXProject "clap" */ = {
			isa = XCConfigurationList;
			buildConfigurations = (
				A21932691B2D40680037130E /* Debug */,
				A219326A1B2D40680037130E /* Release */,
			);
			defaultConfigurationIsVisible = 0;
			defaultConfigurationName = Release;
		};
		A219326B1B2D40680037130E /* Build configuration list for PBXNativeTarget "clap" */ = {
			isa = XCConfigurationList;
			buildConfigurations = (
				A219326C1B2D40680037130E /* Debug */,
				A219326D1B2D40680037130E /* Release */,
			);
			defaultConfigurationIsVisible = 0;
			defaultConfigurationName = Release;
		};
		A219326E1B2D40680037130E /* Build configuration list for PBXNativeTarget "clapTests" */ = {
			isa = XCConfigurationList;
			buildConfigurations = (
				A219326F1B2D40680037130E /* Debug */,
				A21932701B2D40680037130E /* Release */,
			);
			defaultConfigurationIsVisible = 0;
			defaultConfigurationName = Release;
		};
/* End XCConfigurationList section */
	};
	rootObject = A21932441B2D40680037130E /* Project object */;
}
